
Microsoft Visual Studio Solution File, Format Version 12.00
# Visual Studio Version 17
VisualStudioVersion = 17.7.34009.444
MinimumVisualStudioVersion = 10.0.40219.1
Project("{FAE04EC0-301F-11D3-BF4B-00C04F79EFBC}") = "QuizWebApp.Server", "Server\QuizWebApp.Server.csproj", "{0BBDC0E8-7AA6-478F-B7FB-7332F62168FE}"
EndProject
Project("{FAE04EC0-301F-11D3-BF4B-00C04F79EFBC}") = "QuizWebApp.Client", "Client\QuizWebApp.Client.csproj", "{D8240063-A455-4AC7-81D4-D77E520B0B64}"
EndProject
Project("{FAE04EC0-301F-11D3-BF4B-00C04F79EFBC}") = "QuizWebApp.Shared", "Shared\QuizWebApp.Shared.csproj", "{B00C825A-ABE8-46A2-9DE0-0DA565E1502E}"
EndProject
Global
	GlobalSection(SolutionConfigurationPlatforms) = preSolution
		Debug|Any CPU = Debug|Any CPU
		Release|Any CPU = Release|Any CPU
	EndGlobalSection
	GlobalSection(ProjectConfigurationPlatforms) = postSolution
		{0BBDC0E8-7AA6-478F-B7FB-7332F62168FE}.Debug|Any CPU.ActiveCfg = Debug|Any CPU
		{0BBDC0E8-7AA6-478F-B7FB-7332F62168FE}.Debug|Any CPU.Build.0 = Debug|Any CPU
		{0BBDC0E8-7AA6-478F-B7FB-7332F62168FE}.Release|Any CPU.ActiveCfg = Release|Any CPU
		{0BBDC0E8-7AA6-478F-B7FB-7332F62168FE}.Release|Any CPU.Build.0 = Release|Any CPU
		{D8240063-A455-4AC7-81D4-D77E520B0B64}.Debug|Any CPU.ActiveCfg = Debug|Any CPU
		{D8240063-A455-4AC7-81D4-D77E520B0B64}.Debug|Any CPU.Build.0 = Debug|Any CPU
		{D8240063-A455-4AC7-81D4-D77E520B0B64}.Release|Any CPU.ActiveCfg = Release|Any CPU
		{D8240063-A455-4AC7-81D4-D77E520B0B64}.Release|Any CPU.Build.0 = Release|Any CPU
		{B00C825A-ABE8-46A2-9DE0-0DA565E1502E}.Debug|Any CPU.ActiveCfg = Debug|Any CPU
		{B00C825A-ABE8-46A2-9DE0-0DA565E1502E}.Debug|Any CPU.Build.0 = Debug|Any CPU
		{B00C825A-ABE8-46A2-9DE0-0DA565E1502E}.Release|Any CPU.ActiveCfg = Release|Any CPU
		{B00C825A-ABE8-46A2-9DE0-0DA565E1502E}.Release|Any CPU.Build.0 = Release|Any CPU
	EndGlobalSection
	GlobalSection(SolutionProperties) = preSolution
		HideSolutionNode = FALSE
	EndGlobalSection
	GlobalSection(ExtensibilityGlobals) = postSolution
		SolutionGuid = {006FFCCC-C6E8-45CF-A30C-613FE9DAC419}
	EndGlobalSection
EndGlobal
